
Microsoft Visual Studio Solution File, Format Version 12.00
# Visual Studio Version 17
VisualStudioVersion = 17.5.33530.505
MinimumVisualStudioVersion = 10.0.40219.1
Project("{FAE04EC0-301F-11D3-BF4B-00C04F79EFBC}") = "BooksShopApp", "BooksShopApp\BooksShopApp.csproj", "{527A5C9C-8B8C-4556-9837-BF241244CE8C}"
EndProject
Global
	GlobalSection(SolutionConfigurationPlatforms) = preSolution
		Debug|Any CPU = Debug|Any CPU
		Release|Any CPU = Release|Any CPU
	EndGlobalSection
	GlobalSection(ProjectConfigurationPlatforms) = postSolution
		{527A5C9C-8B8C-4556-9837-BF241244CE8C}.Debug|Any CPU.ActiveCfg = Debug|Any CPU
		{527A5C9C-8B8C-4556-9837-BF241244CE8C}.Debug|Any CPU.Build.0 = Debug|Any CPU
		{527A5C9C-8B8C-4556-9837-BF241244CE8C}.Release|Any CPU.ActiveCfg = Release|Any CPU
		{527A5C9C-8B8C-4556-9837-BF241244CE8C}.Release|Any CPU.Build.0 = Release|Any CPU
	EndGlobalSection
	GlobalSection(SolutionProperties) = preSolution
		HideSolutionNode = FALSE
	EndGlobalSection
	GlobalSection(ExtensibilityGlobals) = postSolution
		SolutionGuid = {E0C8D945-F894-4A3D-BC22-4CAAB756828C}
	EndGlobalSection
EndGlobal
